// !$*UTF8*$!
{
	archiveVersion = 1;
	classes = {
	};
	objectVersion = 48;
	objects = {

/* Begin PBXBuildFile section */
		31DE36B6F7D7279DF70EBD38 /* Pods_hitchhiker.framework in Frameworks */ = {isa = PBXBuildFile; fileRef = 61AD24328831865D2CEE584A /* Pods_hitchhiker.framework */; };
		B334C528205E0810009B3EAE /* RoundedShadowButton.swift in Sources */ = {isa = PBXBuildFile; fileRef = B334C527205E0810009B3EAE /* RoundedShadowButton.swift */; };
		B334C52A205E3544009B3EAE /* LeftMenuBarVC.swift in Sources */ = {isa = PBXBuildFile; fileRef = B334C529205E3544009B3EAE /* LeftMenuBarVC.swift */; };
		B334C52C205E35A7009B3EAE /* ContainerVC.swift in Sources */ = {isa = PBXBuildFile; fileRef = B334C52B205E35A7009B3EAE /* ContainerVC.swift */; };
		B334C52F205E3826009B3EAE /* CenterVCDelegate.swift in Sources */ = {isa = PBXBuildFile; fileRef = B334C52E205E3826009B3EAE /* CenterVCDelegate.swift */; };
		B33F5696205EFE8000DD540E /* UIViewExt.swift in Sources */ = {isa = PBXBuildFile; fileRef = B33F5695205EFE8000DD540E /* UIViewExt.swift */; };
		B33F5698205F0C8900DD540E /* LoginVC.swift in Sources */ = {isa = PBXBuildFile; fileRef = B33F5697205F0C8900DD540E /* LoginVC.swift */; };
		B33F569A205F4BC200DD540E /* RoundedCornerTextField.swift in Sources */ = {isa = PBXBuildFile; fileRef = B33F5699205F4BC200DD540E /* RoundedCornerTextField.swift */; };
		B34D4BC8206A26060058BBD0 /* LocationService.swift in Sources */ = {isa = PBXBuildFile; fileRef = B34D4BC7206A26060058BBD0 /* LocationService.swift */; };
		B34EB89D205CBEBF00330C52 /* RoundedShadowView.swift in Sources */ = {isa = PBXBuildFile; fileRef = B34EB89C205CBEBF00330C52 /* RoundedShadowView.swift */; };
		B34EB89F205CCB2E00330C52 /* CircleView.swift in Sources */ = {isa = PBXBuildFile; fileRef = B34EB89E205CCB2E00330C52 /* CircleView.swift */; };
		B3876466205B54E3006154DB /* AppDelegate.swift in Sources */ = {isa = PBXBuildFile; fileRef = B3876465205B54E3006154DB /* AppDelegate.swift */; };
		B3876468205B54E3006154DB /* HomeVC.swift in Sources */ = {isa = PBXBuildFile; fileRef = B3876467205B54E3006154DB /* HomeVC.swift */; };
		B387646B205B54E3006154DB /* Main.storyboard in Resources */ = {isa = PBXBuildFile; fileRef = B3876469205B54E3006154DB /* Main.storyboard */; };
		B387646D205B54E3006154DB /* Assets.xcassets in Resources */ = {isa = PBXBuildFile; fileRef = B387646C205B54E3006154DB /* Assets.xcassets */; };
		B3876470205B54E3006154DB /* LaunchScreen.storyboard in Resources */ = {isa = PBXBuildFile; fileRef = B387646E205B54E3006154DB /* LaunchScreen.storyboard */; };
		B3876478205B6C73006154DB /* GoogleService-Info.plist in Resources */ = {isa = PBXBuildFile; fileRef = B3876477205B6C73006154DB /* GoogleService-Info.plist */; };
		B387647D205B8836006154DB /* GradientView.swift in Sources */ = {isa = PBXBuildFile; fileRef = B387647C205B8836006154DB /* GradientView.swift */; };
		B387647F205B8B3B006154DB /* RoundImageView.swift in Sources */ = {isa = PBXBuildFile; fileRef = B387647E205B8B3B006154DB /* RoundImageView.swift */; };
		B389687B206B4B0300F2B8F5 /* DriverAnnotation.swift in Sources */ = {isa = PBXBuildFile; fileRef = B389687A206B4B0300F2B8F5 /* DriverAnnotation.swift */; };
		B389687D206C858600F2B8F5 /* PassengerAnnotation.swift in Sources */ = {isa = PBXBuildFile; fileRef = B389687C206C858600F2B8F5 /* PassengerAnnotation.swift */; };
		B3897541206C99E30041B561 /* UIViewControllerExt.swift in Sources */ = {isa = PBXBuildFile; fileRef = B3897540206C99E30041B561 /* UIViewControllerExt.swift */; };
		B3897543206CB4AA0041B561 /* Alertable.swift in Sources */ = {isa = PBXBuildFile; fileRef = B3897542206CB4AA0041B561 /* Alertable.swift */; };
		B3897545206D6AAF0041B561 /* PickupVC.swift in Sources */ = {isa = PBXBuildFile; fileRef = B3897544206D6AAF0041B561 /* PickupVC.swift */; };
		B3897547206DC5050041B561 /* RoundMapView.swift in Sources */ = {isa = PBXBuildFile; fileRef = B3897546206DC5050041B561 /* RoundMapView.swift */; };
		B3897549206DEC400041B561 /* ToDoList.swift in Sources */ = {isa = PBXBuildFile; fileRef = B3897548206DEC400041B561 /* ToDoList.swift */; };
		B398822120633A29002A0547 /* DataService.swift in Sources */ = {isa = PBXBuildFile; fileRef = B398822020633A29002A0547 /* DataService.swift */; };
		B398822320633ADE002A0547 /* AuthService.swift in Sources */ = {isa = PBXBuildFile; fileRef = B398822220633ADE002A0547 /* AuthService.swift */; };
/* End PBXBuildFile section */

/* Begin PBXFileReference section */
		61AD24328831865D2CEE584A /* Pods_hitchhiker.framework */ = {isa = PBXFileReference; explicitFileType = wrapper.framework; includeInIndex = 0; path = Pods_hitchhiker.framework; sourceTree = BUILT_PRODUCTS_DIR; };
		98114D863EC1CAB23AE837AA /* Pods-hitchhiker.release.xcconfig */ = {isa = PBXFileReference; includeInIndex = 1; lastKnownFileType = text.xcconfig; name = "Pods-hitchhiker.release.xcconfig"; path = "Pods/Target Support Files/Pods-hitchhiker/Pods-hitchhiker.release.xcconfig"; sourceTree = "<group>"; };
		A1A9E1BF39E57602D2D7307B /* Pods-hitchhiker.debug.xcconfig */ = {isa = PBXFileReference; includeInIndex = 1; lastKnownFileType = text.xcconfig; name = "Pods-hitchhiker.debug.xcconfig"; path = "Pods/Target Support Files/Pods-hitchhiker/Pods-hitchhiker.debug.xcconfig"; sourceTree = "<group>"; };
		B334C527205E0810009B3EAE /* RoundedShadowButton.swift */ = {isa = PBXFileReference; lastKnownFileType = sourcecode.swift; path = RoundedShadowButton.swift; sourceTree = "<group>"; };
		B334C529205E3544009B3EAE /* LeftMenuBarVC.swift */ = {isa = PBXFileReference; lastKnownFileType = sourcecode.swift; path = LeftMenuBarVC.swift; sourceTree = "<group>"; };
		B334C52B205E35A7009B3EAE /* ContainerVC.swift */ = {isa = PBXFileReference; lastKnownFileType = sourcecode.swift; path = ContainerVC.swift; sourceTree = "<group>"; };
		B334C52E205E3826009B3EAE /* CenterVCDelegate.swift */ = {isa = PBXFileReference; lastKnownFileType = sourcecode.swift; path = CenterVCDelegate.swift; sourceTree = "<group>"; };
		B33F5695205EFE8000DD540E /* UIViewExt.swift */ = {isa = PBXFileReference; lastKnownFileType = sourcecode.swift; path = UIViewExt.swift; sourceTree = "<group>"; };
		B33F5697205F0C8900DD540E /* LoginVC.swift */ = {isa = PBXFileReference; lastKnownFileType = sourcecode.swift; path = LoginVC.swift; sourceTree = "<group>"; };
		B33F5699205F4BC200DD540E /* RoundedCornerTextField.swift */ = {isa = PBXFileReference; lastKnownFileType = sourcecode.swift; path = RoundedCornerTextField.swift; sourceTree = "<group>"; };
		B34D4BC7206A26060058BBD0 /* LocationService.swift */ = {isa = PBXFileReference; lastKnownFileType = sourcecode.swift; path = LocationService.swift; sourceTree = "<group>"; };
		B34EB89C205CBEBF00330C52 /* RoundedShadowView.swift */ = {isa = PBXFileReference; lastKnownFileType = sourcecode.swift; path = RoundedShadowView.swift; sourceTree = "<group>"; };
		B34EB89E205CCB2E00330C52 /* CircleView.swift */ = {isa = PBXFileReference; lastKnownFileType = sourcecode.swift; path = CircleView.swift; sourceTree = "<group>"; };
		B3876462205B54E3006154DB /* hitchhiker.app */ = {isa = PBXFileReference; explicitFileType = wrapper.application; includeInIndex = 0; path = hitchhiker.app; sourceTree = BUILT_PRODUCTS_DIR; };
		B3876465205B54E3006154DB /* AppDelegate.swift */ = {isa = PBXFileReference; lastKnownFileType = sourcecode.swift; path = AppDelegate.swift; sourceTree = "<group>"; };
		B3876467205B54E3006154DB /* HomeVC.swift */ = {isa = PBXFileReference; lastKnownFileType = sourcecode.swift; path = HomeVC.swift; sourceTree = "<group>"; };
		B387646A205B54E3006154DB /* Base */ = {isa = PBXFileReference; lastKnownFileType = file.storyboard; name = Base; path = Base.lproj/Main.storyboard; sourceTree = "<group>"; };
		B387646C205B54E3006154DB /* Assets.xcassets */ = {isa = PBXFileReference; lastKnownFileType = folder.assetcatalog; path = Assets.xcassets; sourceTree = "<group>"; };
		B387646F205B54E3006154DB /* Base */ = {isa = PBXFileReference; lastKnownFileType = file.storyboard; name = Base; path = Base.lproj/LaunchScreen.storyboard; sourceTree = "<group>"; };
		B3876471205B54E3006154DB /* Info.plist */ = {isa = PBXFileReference; lastKnownFileType = text.plist.xml; path = Info.plist; sourceTree = "<group>"; };
		B3876477205B6C73006154DB /* GoogleService-Info.plist */ = {isa = PBXFileReference; fileEncoding = 4; lastKnownFileType = text.plist.xml; path = "GoogleService-Info.plist"; sourceTree = "<group>"; };
		B387647C205B8836006154DB /* GradientView.swift */ = {isa = PBXFileReference; lastKnownFileType = sourcecode.swift; path = GradientView.swift; sourceTree = "<group>"; };
		B387647E205B8B3B006154DB /* RoundImageView.swift */ = {isa = PBXFileReference; lastKnownFileType = sourcecode.swift; path = RoundImageView.swift; sourceTree = "<group>"; };
		B389687A206B4B0300F2B8F5 /* DriverAnnotation.swift */ = {isa = PBXFileReference; lastKnownFileType = sourcecode.swift; path = DriverAnnotation.swift; sourceTree = "<group>"; };
		B389687C206C858600F2B8F5 /* PassengerAnnotation.swift */ = {isa = PBXFileReference; lastKnownFileType = sourcecode.swift; path = PassengerAnnotation.swift; sourceTree = "<group>"; };
		B3897540206C99E30041B561 /* UIViewControllerExt.swift */ = {isa = PBXFileReference; lastKnownFileType = sourcecode.swift; path = UIViewControllerExt.swift; sourceTree = "<group>"; };
		B3897542206CB4AA0041B561 /* Alertable.swift */ = {isa = PBXFileReference; lastKnownFileType = sourcecode.swift; path = Alertable.swift; sourceTree = "<group>"; };
		B3897544206D6AAF0041B561 /* PickupVC.swift */ = {isa = PBXFileReference; lastKnownFileType = sourcecode.swift; path = PickupVC.swift; sourceTree = "<group>"; };
		B3897546206DC5050041B561 /* RoundMapView.swift */ = {isa = PBXFileReference; lastKnownFileType = sourcecode.swift; path = RoundMapView.swift; sourceTree = "<group>"; };
		B3897548206DEC400041B561 /* ToDoList.swift */ = {isa = PBXFileReference; lastKnownFileType = sourcecode.swift; path = ToDoList.swift; sourceTree = "<group>"; };
		B398822020633A29002A0547 /* DataService.swift */ = {isa = PBXFileReference; lastKnownFileType = sourcecode.swift; path = DataService.swift; sourceTree = "<group>"; };
		B398822220633ADE002A0547 /* AuthService.swift */ = {isa = PBXFileReference; lastKnownFileType = sourcecode.swift; path = AuthService.swift; sourceTree = "<group>"; };
/* End PBXFileReference section */

/* Begin PBXFrameworksBuildPhase section */
		B387645F205B54E3006154DB /* Frameworks */ = {
			isa = PBXFrameworksBuildPhase;
			buildActionMask = 2147483647;
			files = (
				31DE36B6F7D7279DF70EBD38 /* Pods_hitchhiker.framework in Frameworks */,
			);
			runOnlyForDeploymentPostprocessing = 0;
		};
/* End PBXFrameworksBuildPhase section */

/* Begin PBXGroup section */
		375A864175FA2EAEF6DDC51F /* Pods */ = {
			isa = PBXGroup;
			children = (
				A1A9E1BF39E57602D2D7307B /* Pods-hitchhiker.debug.xcconfig */,
				98114D863EC1CAB23AE837AA /* Pods-hitchhiker.release.xcconfig */,
			);
			name = Pods;
			sourceTree = "<group>";
		};
		5EA558179CB9ED91C4A8D6FE /* Frameworks */ = {
			isa = PBXGroup;
			children = (
				61AD24328831865D2CEE584A /* Pods_hitchhiker.framework */,
			);
			name = Frameworks;
			sourceTree = "<group>";
		};
		B334C52D205E3815009B3EAE /* Protocols */ = {
			isa = PBXGroup;
			children = (
				B334C52E205E3826009B3EAE /* CenterVCDelegate.swift */,
				B3897542206CB4AA0041B561 /* Alertable.swift */,
			);
			path = Protocols;
			sourceTree = "<group>";
		};
		B33F5694205EFE7200DD540E /* Extensions */ = {
			isa = PBXGroup;
			children = (
				B33F5695205EFE8000DD540E /* UIViewExt.swift */,
				B3897540206C99E30041B561 /* UIViewControllerExt.swift */,
			);
			path = Extensions;
			sourceTree = "<group>";
		};
		B34D4BC9206A27A10058BBD0 /* Constants */ = {
			isa = PBXGroup;
			children = (
			);
			path = Constants;
			sourceTree = "<group>";
		};
		B3876459205B54E3006154DB = {
			isa = PBXGroup;
			children = (
				B3876464205B54E3006154DB /* hitchhiker */,
				B3876463205B54E3006154DB /* Products */,
				375A864175FA2EAEF6DDC51F /* Pods */,
				5EA558179CB9ED91C4A8D6FE /* Frameworks */,
			);
			sourceTree = "<group>";
		};
		B3876463205B54E3006154DB /* Products */ = {
			isa = PBXGroup;
			children = (
				B3876462205B54E3006154DB /* hitchhiker.app */,
			);
			name = Products;
			sourceTree = "<group>";
		};
		B3876464205B54E3006154DB /* hitchhiker */ = {
			isa = PBXGroup;
			children = (
				B34D4BC9206A27A10058BBD0 /* Constants */,
				B398821F20633A15002A0547 /* Services */,
				B33F5694205EFE7200DD540E /* Extensions */,
				B334C52D205E3815009B3EAE /* Protocols */,
				B387647B205B8808006154DB /* Model */,
				B387647A205B87E7006154DB /* Controller */,
				B3876479205B87E2006154DB /* View */,
				B3876465205B54E3006154DB /* AppDelegate.swift */,
				B3876469205B54E3006154DB /* Main.storyboard */,
				B387646C205B54E3006154DB /* Assets.xcassets */,
				B387646E205B54E3006154DB /* LaunchScreen.storyboard */,
				B3876477205B6C73006154DB /* GoogleService-Info.plist */,
				B3876471205B54E3006154DB /* Info.plist */,
				B3897548206DEC400041B561 /* ToDoList.swift */,
			);
			path = hitchhiker;
			sourceTree = "<group>";
		};
		B3876479205B87E2006154DB /* View */ = {
			isa = PBXGroup;
			children = (
				B387647C205B8836006154DB /* GradientView.swift */,
				B387647E205B8B3B006154DB /* RoundImageView.swift */,
				B34EB89C205CBEBF00330C52 /* RoundedShadowView.swift */,
				B34EB89E205CCB2E00330C52 /* CircleView.swift */,
				B334C527205E0810009B3EAE /* RoundedShadowButton.swift */,
				B33F5699205F4BC200DD540E /* RoundedCornerTextField.swift */,
				B389687A206B4B0300F2B8F5 /* DriverAnnotation.swift */,
				B389687C206C858600F2B8F5 /* PassengerAnnotation.swift */,
				B3897546206DC5050041B561 /* RoundMapView.swift */,
			);
			path = View;
			sourceTree = "<group>";
		};
		B387647A205B87E7006154DB /* Controller */ = {
			isa = PBXGroup;
			children = (
				B334C52B205E35A7009B3EAE /* ContainerVC.swift */,
				B3876467205B54E3006154DB /* HomeVC.swift */,
				B334C529205E3544009B3EAE /* LeftMenuBarVC.swift */,
				B33F5697205F0C8900DD540E /* LoginVC.swift */,
				B3897544206D6AAF0041B561 /* PickupVC.swift */,
			);
			path = Controller;
			sourceTree = "<group>";
		};
		B387647B205B8808006154DB /* Model */ = {
			isa = PBXGroup;
			children = (
			);
			path = Model;
			sourceTree = "<group>";
		};
		B398821F20633A15002A0547 /* Services */ = {
			isa = PBXGroup;
			children = (
				B398822020633A29002A0547 /* DataService.swift */,
				B398822220633ADE002A0547 /* AuthService.swift */,
				B34D4BC7206A26060058BBD0 /* LocationService.swift */,
			);
			path = Services;
			sourceTree = "<group>";
		};
/* End PBXGroup section */

/* Begin PBXNativeTarget section */
		B3876461205B54E3006154DB /* hitchhiker */ = {
			isa = PBXNativeTarget;
			buildConfigurationList = B3876474205B54E3006154DB /* Build configuration list for PBXNativeTarget "hitchhiker" */;
			buildPhases = (
				C668264F16B351195D98FE96 /* [CP] Check Pods Manifest.lock */,
				B387645E205B54E3006154DB /* Sources */,
				B387645F205B54E3006154DB /* Frameworks */,
				B3876460205B54E3006154DB /* Resources */,
				497C4500FFD7B1D6F1EF7096 /* [CP] Embed Pods Frameworks */,
				1B62527B82293560720DF452 /* [CP] Copy Pods Resources */,
			);
			buildRules = (
			);
			dependencies = (
			);
			name = hitchhiker;
			productName = hitchhiker;
			productReference = B3876462205B54E3006154DB /* hitchhiker.app */;
			productType = "com.apple.product-type.application";
		};
/* End PBXNativeTarget section */

/* Begin PBXProject section */
		B387645A205B54E3006154DB /* Project object */ = {
			isa = PBXProject;
			attributes = {
				LastSwiftUpdateCheck = 0920;
				LastUpgradeCheck = 0920;
				ORGANIZATIONNAME = "Rex Kung";
				TargetAttributes = {
					B3876461205B54E3006154DB = {
						CreatedOnToolsVersion = 9.2;
						ProvisioningStyle = Automatic;
					};
				};
			};
			buildConfigurationList = B387645D205B54E3006154DB /* Build configuration list for PBXProject "hitchhiker" */;
			compatibilityVersion = "Xcode 8.0";
			developmentRegion = en;
			hasScannedForEncodings = 0;
			knownRegions = (
				en,
				Base,
			);
			mainGroup = B3876459205B54E3006154DB;
			productRefGroup = B3876463205B54E3006154DB /* Products */;
			projectDirPath = "";
			projectRoot = "";
			targets = (
				B3876461205B54E3006154DB /* hitchhiker */,
			);
		};
/* End PBXProject section */

/* Begin PBXResourcesBuildPhase section */
		B3876460205B54E3006154DB /* Resources */ = {
			isa = PBXResourcesBuildPhase;
			buildActionMask = 2147483647;
			files = (
				B3876470205B54E3006154DB /* LaunchScreen.storyboard in Resources */,
				B3876478205B6C73006154DB /* GoogleService-Info.plist in Resources */,
				B387646D205B54E3006154DB /* Assets.xcassets in Resources */,
				B387646B205B54E3006154DB /* Main.storyboard in Resources */,
			);
			runOnlyForDeploymentPostprocessing = 0;
		};
/* End PBXResourcesBuildPhase section */

/* Begin PBXShellScriptBuildPhase section */
		1B62527B82293560720DF452 /* [CP] Copy Pods Resources */ = {
			isa = PBXShellScriptBuildPhase;
			buildActionMask = 2147483647;
			files = (
			);
			inputPaths = (
			);
			name = "[CP] Copy Pods Resources";
			outputPaths = (
			);
			runOnlyForDeploymentPostprocessing = 0;
			shellPath = /bin/sh;
			shellScript = "\"${SRCROOT}/Pods/Target Support Files/Pods-hitchhiker/Pods-hitchhiker-resources.sh\"\n";
			showEnvVarsInLog = 0;
		};
		497C4500FFD7B1D6F1EF7096 /* [CP] Embed Pods Frameworks */ = {
			isa = PBXShellScriptBuildPhase;
			buildActionMask = 2147483647;
			files = (
			);
			inputPaths = (
				"${SRCROOT}/Pods/Target Support Files/Pods-hitchhiker/Pods-hitchhiker-frameworks.sh",
				"${BUILT_PRODUCTS_DIR}/BoringSSL/openssl.framework",
				"${BUILT_PRODUCTS_DIR}/GTMSessionFetcher/GTMSessionFetcher.framework",
				"${BUILT_PRODUCTS_DIR}/GoogleToolboxForMac/GoogleToolboxForMac.framework",
				"${BUILT_PRODUCTS_DIR}/Protobuf/Protobuf.framework",
				"${BUILT_PRODUCTS_DIR}/RevealingSplashView/RevealingSplashView.framework",
				"${BUILT_PRODUCTS_DIR}/gRPC/GRPCClient.framework",
				"${BUILT_PRODUCTS_DIR}/gRPC-Core/grpc.framework",
				"${BUILT_PRODUCTS_DIR}/gRPC-ProtoRPC/ProtoRPC.framework",
				"${BUILT_PRODUCTS_DIR}/gRPC-RxLibrary/RxLibrary.framework",
				"${BUILT_PRODUCTS_DIR}/leveldb-library/leveldb.framework",
				"${BUILT_PRODUCTS_DIR}/nanopb/nanopb.framework",
			);
			name = "[CP] Embed Pods Frameworks";
			outputPaths = (
				"${TARGET_BUILD_DIR}/${FRAMEWORKS_FOLDER_PATH}/openssl.framework",
				"${TARGET_BUILD_DIR}/${FRAMEWORKS_FOLDER_PATH}/GTMSessionFetcher.framework",
				"${TARGET_BUILD_DIR}/${FRAMEWORKS_FOLDER_PATH}/GoogleToolboxForMac.framework",
				"${TARGET_BUILD_DIR}/${FRAMEWORKS_FOLDER_PATH}/Protobuf.framework",
				"${TARGET_BUILD_DIR}/${FRAMEWORKS_FOLDER_PATH}/RevealingSplashView.framework",
				"${TARGET_BUILD_DIR}/${FRAMEWORKS_FOLDER_PATH}/GRPCClient.framework",
				"${TARGET_BUILD_DIR}/${FRAMEWORKS_FOLDER_PATH}/grpc.framework",
				"${TARGET_BUILD_DIR}/${FRAMEWORKS_FOLDER_PATH}/ProtoRPC.framework",
				"${TARGET_BUILD_DIR}/${FRAMEWORKS_FOLDER_PATH}/RxLibrary.framework",
				"${TARGET_BUILD_DIR}/${FRAMEWORKS_FOLDER_PATH}/leveldb.framework",
				"${TARGET_BUILD_DIR}/${FRAMEWORKS_FOLDER_PATH}/nanopb.framework",
			);
			runOnlyForDeploymentPostprocessing = 0;
			shellPath = /bin/sh;
			shellScript = "\"${SRCROOT}/Pods/Target Support Files/Pods-hitchhiker/Pods-hitchhiker-frameworks.sh\"\n";
			showEnvVarsInLog = 0;
		};
		C668264F16B351195D98FE96 /* [CP] Check Pods Manifest.lock */ = {
			isa = PBXShellScriptBuildPhase;
			buildActionMask = 2147483647;
			files = (
			);
			inputPaths = (
				"${PODS_PODFILE_DIR_PATH}/Podfile.lock",
				"${PODS_ROOT}/Manifest.lock",
			);
			name = "[CP] Check Pods Manifest.lock";
			outputPaths = (
				"$(DERIVED_FILE_DIR)/Pods-hitchhiker-checkManifestLockResult.txt",
			);
			runOnlyForDeploymentPostprocessing = 0;
			shellPath = /bin/sh;
			shellScript = "diff \"${PODS_PODFILE_DIR_PATH}/Podfile.lock\" \"${PODS_ROOT}/Manifest.lock\" > /dev/null\nif [ $? != 0 ] ; then\n    # print error to STDERR\n    echo \"error: The sandbox is not in sync with the Podfile.lock. Run 'pod install' or update your CocoaPods installation.\" >&2\n    exit 1\nfi\n# This output is used by Xcode 'outputs' to avoid re-running this script phase.\necho \"SUCCESS\" > \"${SCRIPT_OUTPUT_FILE_0}\"\n";
			showEnvVarsInLog = 0;
		};
/* End PBXShellScriptBuildPhase section */

/* Begin PBXSourcesBuildPhase section */
		B387645E205B54E3006154DB /* Sources */ = {
			isa = PBXSourcesBuildPhase;
			buildActionMask = 2147483647;
			files = (
				B334C52F205E3826009B3EAE /* CenterVCDelegate.swift in Sources */,
				B389687D206C858600F2B8F5 /* PassengerAnnotation.swift in Sources */,
				B334C528205E0810009B3EAE /* RoundedShadowButton.swift in Sources */,
				B33F5698205F0C8900DD540E /* LoginVC.swift in Sources */,
				B389687B206B4B0300F2B8F5 /* DriverAnnotation.swift in Sources */,
				B334C52A205E3544009B3EAE /* LeftMenuBarVC.swift in Sources */,
				B34EB89F205CCB2E00330C52 /* CircleView.swift in Sources */,
				B3897549206DEC400041B561 /* ToDoList.swift in Sources */,
				B334C52C205E35A7009B3EAE /* ContainerVC.swift in Sources */,
				B33F5696205EFE8000DD540E /* UIViewExt.swift in Sources */,
				B3876468205B54E3006154DB /* HomeVC.swift in Sources */,
				B387647F205B8B3B006154DB /* RoundImageView.swift in Sources */,
				B398822120633A29002A0547 /* DataService.swift in Sources */,
				B3897547206DC5050041B561 /* RoundMapView.swift in Sources */,
				B3897545206D6AAF0041B561 /* PickupVC.swift in Sources */,
				B34EB89D205CBEBF00330C52 /* RoundedShadowView.swift in Sources */,
				B33F569A205F4BC200DD540E /* RoundedCornerTextField.swift in Sources */,
				B3897543206CB4AA0041B561 /* Alertable.swift in Sources */,
				B3897541206C99E30041B561 /* UIViewControllerExt.swift in Sources */,
				B398822320633ADE002A0547 /* AuthService.swift in Sources */,
				B3876466205B54E3006154DB /* AppDelegate.swift in Sources */,
				B34D4BC8206A26060058BBD0 /* LocationService.swift in Sources */,
				B387647D205B8836006154DB /* GradientView.swift in Sources */,
			);
			runOnlyForDeploymentPostprocessing = 0;
		};
/* End PBXSourcesBuildPhase section */

/* Begin PBXVariantGroup section */
		B3876469205B54E3006154DB /* Main.storyboard */ = {
			isa = PBXVariantGroup;
			children = (
				B387646A205B54E3006154DB /* Base */,
			);
			name = Main.storyboard;
			sourceTree = "<group>";
		};
		B387646E205B54E3006154DB /* LaunchScreen.storyboard */ = {
			isa = PBXVariantGroup;
			children = (
				B387646F205B54E3006154DB /* Base */,
			);
			name = LaunchScreen.storyboard;
			sourceTree = "<group>";
		};
/* End PBXVariantGroup section */

/* Begin XCBuildConfiguration section */
		B3876472205B54E3006154DB /* Debug */ = {
			isa = XCBuildConfiguration;
			buildSettings = {
				ALWAYS_SEARCH_USER_PATHS = NO;
				CLANG_ANALYZER_NONNULL = YES;
				CLANG_ANALYZER_NUMBER_OBJECT_CONVERSION = YES_AGGRESSIVE;
				CLANG_CXX_LANGUAGE_STANDARD = "gnu++14";
				CLANG_CXX_LIBRARY = "libc++";
				CLANG_ENABLE_MODULES = YES;
				CLANG_ENABLE_OBJC_ARC = YES;
				CLANG_WARN_BLOCK_CAPTURE_AUTORELEASING = YES;
				CLANG_WARN_BOOL_CONVERSION = YES;
				CLANG_WARN_COMMA = YES;
				CLANG_WARN_CONSTANT_CONVERSION = YES;
				CLANG_WARN_DIRECT_OBJC_ISA_USAGE = YES_ERROR;
				CLANG_WARN_DOCUMENTATION_COMMENTS = YES;
				CLANG_WARN_EMPTY_BODY = YES;
				CLANG_WARN_ENUM_CONVERSION = YES;
				CLANG_WARN_INFINITE_RECURSION = YES;
				CLANG_WARN_INT_CONVERSION = YES;
				CLANG_WARN_NON_LITERAL_NULL_CONVERSION = YES;
				CLANG_WARN_OBJC_LITERAL_CONVERSION = YES;
				CLANG_WARN_OBJC_ROOT_CLASS = YES_ERROR;
				CLANG_WARN_RANGE_LOOP_ANALYSIS = YES;
				CLANG_WARN_STRICT_PROTOTYPES = YES;
				CLANG_WARN_SUSPICIOUS_MOVE = YES;
				CLANG_WARN_UNGUARDED_AVAILABILITY = YES_AGGRESSIVE;
				CLANG_WARN_UNREACHABLE_CODE = YES;
				CLANG_WARN__DUPLICATE_METHOD_MATCH = YES;
				CODE_SIGN_IDENTITY = "iPhone Developer";
				COPY_PHASE_STRIP = NO;
				DEBUG_INFORMATION_FORMAT = dwarf;
				ENABLE_STRICT_OBJC_MSGSEND = YES;
				ENABLE_TESTABILITY = YES;
				GCC_C_LANGUAGE_STANDARD = gnu11;
				GCC_DYNAMIC_NO_PIC = NO;
				GCC_NO_COMMON_BLOCKS = YES;
				GCC_OPTIMIZATION_LEVEL = 0;
				GCC_PREPROCESSOR_DEFINITIONS = (
					"DEBUG=1",
					"$(inherited)",
				);
				GCC_WARN_64_TO_32_BIT_CONVERSION = YES;
				GCC_WARN_ABOUT_RETURN_TYPE = YES_ERROR;
				GCC_WARN_UNDECLARED_SELECTOR = YES;
				GCC_WARN_UNINITIALIZED_AUTOS = YES_AGGRESSIVE;
				GCC_WARN_UNUSED_FUNCTION = YES;
				GCC_WARN_UNUSED_VARIABLE = YES;
				IPHONEOS_DEPLOYMENT_TARGET = 11.2;
				MTL_ENABLE_DEBUG_INFO = YES;
				ONLY_ACTIVE_ARCH = YES;
				SDKROOT = iphoneos;
				SWIFT_ACTIVE_COMPILATION_CONDITIONS = DEBUG;
				SWIFT_OPTIMIZATION_LEVEL = "-Onone";
			};
			name = Debug;
		};
		B3876473205B54E3006154DB /* Release */ = {
			isa = XCBuildConfiguration;
			buildSettings = {
				ALWAYS_SEARCH_USER_PATHS = NO;
				CLANG_ANALYZER_NONNULL = YES;
				CLANG_ANALYZER_NUMBER_OBJECT_CONVERSION = YES_AGGRESSIVE;
				CLANG_CXX_LANGUAGE_STANDARD = "gnu++14";
				CLANG_CXX_LIBRARY = "libc++";
				CLANG_ENABLE_MODULES = YES;
				CLANG_ENABLE_OBJC_ARC = YES;
				CLANG_WARN_BLOCK_CAPTURE_AUTORELEASING = YES;
				CLANG_WARN_BOOL_CONVERSION = YES;
				CLANG_WARN_COMMA = YES;
				CLANG_WARN_CONSTANT_CONVERSION = YES;
				CLANG_WARN_DIRECT_OBJC_ISA_USAGE = YES_ERROR;
				CLANG_WARN_DOCUMENTATION_COMMENTS = YES;
				CLANG_WARN_EMPTY_BODY = YES;
				CLANG_WARN_ENUM_CONVERSION = YES;
				CLANG_WARN_INFINITE_RECURSION = YES;
				CLANG_WARN_INT_CONVERSION = YES;
				CLANG_WARN_NON_LITERAL_NULL_CONVERSION = YES;
				CLANG_WARN_OBJC_LITERAL_CONVERSION = YES;
				CLANG_WARN_OBJC_ROOT_CLASS = YES_ERROR;
				CLANG_WARN_RANGE_LOOP_ANALYSIS = YES;
				CLANG_WARN_STRICT_PROTOTYPES = YES;
				CLANG_WARN_SUSPICIOUS_MOVE = YES;
				CLANG_WARN_UNGUARDED_AVAILABILITY = YES_AGGRESSIVE;
				CLANG_WARN_UNREACHABLE_CODE = YES;
				CLANG_WARN__DUPLICATE_METHOD_MATCH = YES;
				CODE_SIGN_IDENTITY = "iPhone Developer";
				COPY_PHASE_STRIP = NO;
				DEBUG_INFORMATION_FORMAT = "dwarf-with-dsym";
				ENABLE_NS_ASSERTIONS = NO;
				ENABLE_STRICT_OBJC_MSGSEND = YES;
				GCC_C_LANGUAGE_STANDARD = gnu11;
				GCC_NO_COMMON_BLOCKS = YES;
				GCC_WARN_64_TO_32_BIT_CONVERSION = YES;
				GCC_WARN_ABOUT_RETURN_TYPE = YES_ERROR;
				GCC_WARN_UNDECLARED_SELECTOR = YES;
				GCC_WARN_UNINITIALIZED_AUTOS = YES_AGGRESSIVE;
				GCC_WARN_UNUSED_FUNCTION = YES;
				GCC_WARN_UNUSED_VARIABLE = YES;
				IPHONEOS_DEPLOYMENT_TARGET = 11.2;
				MTL_ENABLE_DEBUG_INFO = NO;
				SDKROOT = iphoneos;
				SWIFT_OPTIMIZATION_LEVEL = "-Owholemodule";
				VALIDATE_PRODUCT = YES;
			};
			name = Release;
		};
		B3876475205B54E3006154DB /* Debug */ = {
			isa = XCBuildConfiguration;
			baseConfigurationReference = A1A9E1BF39E57602D2D7307B /* Pods-hitchhiker.debug.xcconfig */;
			buildSettings = {
				ASSETCATALOG_COMPILER_APPICON_NAME = AppIcon;
				CODE_SIGN_STYLE = Automatic;
				DEVELOPMENT_TEAM = JNPTHKY7KY;
				INFOPLIST_FILE = hitchhiker/Info.plist;
				LD_RUNPATH_SEARCH_PATHS = "$(inherited) @executable_path/Frameworks";
				PRODUCT_BUNDLE_IDENTIFIER = com.rkdev.hitchhiker;
				PRODUCT_NAME = "$(TARGET_NAME)";
				SWIFT_VERSION = 4.0;
				TARGETED_DEVICE_FAMILY = "1,2";
			};
			name = Debug;
		};
		B3876476205B54E3006154DB /* Release */ = {
			isa = XCBuildConfiguration;
			baseConfigurationReference = 98114D863EC1CAB23AE837AA /* Pods-hitchhiker.release.xcconfig */;
			buildSettings = {
				ASSETCATALOG_COMPILER_APPICON_NAME = AppIcon;
				CODE_SIGN_STYLE = Automatic;
				DEVELOPMENT_TEAM = JNPTHKY7KY;
				INFOPLIST_FILE = hitchhiker/Info.plist;
				LD_RUNPATH_SEARCH_PATHS = "$(inherited) @executable_path/Frameworks";
				PRODUCT_BUNDLE_IDENTIFIER = com.rkdev.hitchhiker;
				PRODUCT_NAME = "$(TARGET_NAME)";
				SWIFT_VERSION = 4.0;
				TARGETED_DEVICE_FAMILY = "1,2";
			};
			name = Release;
		};
/* End XCBuildConfiguration section */

/* Begin XCConfigurationList section */
		B387645D205B54E3006154DB /* Build configuration list for PBXProject "hitchhiker" */ = {
			isa = XCConfigurationList;
			buildConfigurations = (
				B3876472205B54E3006154DB /* Debug */,
				B3876473205B54E3006154DB /* Release */,
			);
			defaultConfigurationIsVisible = 0;
			defaultConfigurationName = Release;
		};
		B3876474205B54E3006154DB /* Build configuration list for PBXNativeTarget "hitchhiker" */ = {
			isa = XCConfigurationList;
			buildConfigurations = (
				B3876475205B54E3006154DB /* Debug */,
				B3876476205B54E3006154DB /* Release */,
			);
			defaultConfigurationIsVisible = 0;
			defaultConfigurationName = Release;
		};
/* End XCConfigurationList section */
	};
	rootObject = B387645A205B54E3006154DB /* Project object */;
}
